<Solution>
  <Folder Name="/docs/" />
  <Folder Name="/ops/" />
  <Folder Name="/src/">
    <Project Path="Api/WildTracker.Api.csproj" Id="0a8f7e9a-f0ff-4b4b-b9e8-53f4627ec064" />
    <Project Path="Application/WildTracker.Application.csproj" Id="e45ae0f9-5283-42ae-adf9-1eda4b3952f4" />
    <Project Path="Contracts/WildTracker.Contracts.csproj" Id="8521a1d8-e1ad-49a4-b74a-13e4ce0268de" />
    <Project Path="Domain/WildTracker.Domain.csproj" Id="aadd7da4-a5c7-4217-83f8-dbdbca1e4ae2" />
    <Project Path="Infrastructure/WildTracker.Infrastructure.csproj" Id="5fdfc23b-d0ae-4a78-9ea3-7575cd26fd01" />
  </Folder>
  <Folder Name="/tests/" />
</Solution>
